Microsoft Visual Studio Solution File, Format Version 11.00
# Visual Studio 2008

Project("{3835E436-294C-7F3D-109B-116C22E4FEE8}") = "GrannySmith", "Assembly-CSharp-firstpass-vs.csproj", "{E40D6B61-09BC-D4DA-45AB-101387786718}"
EndProject
Project("{3835E436-294C-7F3D-109B-116C22E4FEE8}") = "GrannySmith", "Assembly-CSharp-vs.csproj", "{B699A301-F653-D79C-952C-B6063E009D4A}"
EndProject
Project("{3835E436-294C-7F3D-109B-116C22E4FEE8}") = "GrannySmith", "Assembly-CSharp-Editor-vs.csproj", "{E097DE6C-BDC4-2985-7697-A5533EF4EDD5}"
EndProject
Global
	GlobalSection(SolutionConfigurationPlatforms) = preSolution
		Debug|Any CPU = Debug|Any CPU
		Release|Any CPU = Release|Any CPU
	EndGlobalSection
	GlobalSection(ProjectConfigurationPlatforms) = postSolution
		{E40D6B61-09BC-D4DA-45AB-101387786718}.Debug|Any CPU.ActiveCfg = Debug|Any CPU
		{E40D6B61-09BC-D4DA-45AB-101387786718}.Debug|Any CPU.Build.0 = Debug|Any CPU
		{E40D6B61-09BC-D4DA-45AB-101387786718}.Release|Any CPU.ActiveCfg = Release|Any CPU
		{E40D6B61-09BC-D4DA-45AB-101387786718}.Release|Any CPU.Build.0 = Release|Any CPU
		{B699A301-F653-D79C-952C-B6063E009D4A}.Debug|Any CPU.ActiveCfg = Debug|Any CPU
		{B699A301-F653-D79C-952C-B6063E009D4A}.Debug|Any CPU.Build.0 = Debug|Any CPU
		{B699A301-F653-D79C-952C-B6063E009D4A}.Release|Any CPU.ActiveCfg = Release|Any CPU
		{B699A301-F653-D79C-952C-B6063E009D4A}.Release|Any CPU.Build.0 = Release|Any CPU
		{E097DE6C-BDC4-2985-7697-A5533EF4EDD5}.Debug|Any CPU.ActiveCfg = Debug|Any CPU
		{E097DE6C-BDC4-2985-7697-A5533EF4EDD5}.Debug|Any CPU.Build.0 = Debug|Any CPU
		{E097DE6C-BDC4-2985-7697-A5533EF4EDD5}.Release|Any CPU.ActiveCfg = Release|Any CPU
		{E097DE6C-BDC4-2985-7697-A5533EF4EDD5}.Release|Any CPU.Build.0 = Release|Any CPU
	EndGlobalSection
	GlobalSection(SolutionProperties) = preSolution
		HideSolutionNode = FALSE
	EndGlobalSection
			GlobalSection(MonoDevelopProperties) = preSolution
		StartupItem = Assembly-CSharp.csproj
		Policies = $0
		$0.TextStylePolicy = $1
		$1.inheritsSet = null
		$1.scope = text/x-csharp
		$0.CSharpFormattingPolicy = $2
		$2.inheritsSet = Mono
		$2.inheritsScope = text/x-csharp
		$2.scope = text/x-csharp
		$0.TextStylePolicy = $3
		$3.FileWidth = 120
		$3.TabWidth = 4
		$3.EolMarker = Unix
		$3.inheritsSet = Mono
		$3.inheritsScope = text/plain
		$3.scope = text/plain
	EndGlobalSection

EndGlobal
